{
  "name": "javascript",
  "version": "1.0.0",
  "lockfileVersion": 1,
  "requires": true,
  "dependencies": {
    "aes-js": {
      "version": "3.1.0",
      "resolved": "https://registry.npmjs.org/aes-js/-/aes-js-3.1.0.tgz",
      "integrity": "sha1-9fdYhJRSaZfMY1zDNMi7jpZ6XYI="
    },
    "fast-sha256": {
      "version": "https://registry.npmjs.org/fast-sha256/-/fast-sha256-1.0.0.tgz",
      "integrity": "sha1-IX7cD/w2wRejfFW4flOB2ZtE0d0="
    },
    "gibberish-aes": {
      "version": "1.0.0",
      "resolved": "https://registry.npmjs.org/gibberish-aes/-/gibberish-aes-1.0.0.tgz",
      "integrity": "sha1-9kHEWPuCLgrWHDwN6hWOC5Q+n8U="
    },
    "jquery": {
      "version": "https://registry.npmjs.org/jquery/-/jquery-3.1.0.tgz",
      "integrity": "sha1-Ep9vGulLGPCQELAI0NYBHkBhPX8="
    },
    "scrypt-async": {
      "version": "https://registry.npmjs.org/scrypt-async/-/scrypt-async-1.3.0.tgz",
      "integrity": "sha1-45AYvRYFIpsDrOYFtdrxxCO/p1M="
    }
  }
}
